<?xml version="1.0" encoding="utf-8"?>
<Project ToolsVersion="4.0" xmlns="http://schemas.microsoft.com/developer/msbuild/2003">
  <ItemGroup>
    <ClCompile Include="main.cpp" />
    <ClCompile Include="source\Sprite.cpp">
      <Filter>Visualisation</Filter>
    </ClCompile>
    <ClCompile Include="source\Texture.cpp">
      <Filter>Visualisation</Filter>
    </ClCompile>
    <ClCompile Include="source\Visualiser.cpp">
      <Filter>Visualisation</Filter>
    </ClCompile>
    <ClCompile Include="source\StarField.cpp">
      <Filter>Other</Filter>
    </ClCompile>
    <ClCompile Include="source\World.cpp">
      <Filter>World</Filter>
    </ClCompile>
    <ClCompile Include="source\Entity.cpp">
      <Filter>World</Filter>
    </ClCompile>
    <ClCompile Include="source\Rectangle.cpp">
      <Filter>Support</Filter>
    </ClCompile>
    <ClCompile Include="source\Bullet.cpp">
      <Filter>World\Entities</Filter>
    </ClCompile>
    <ClCompile Include="source\Explosion.cpp">
      <Filter>World\Entities</Filter>
    </ClCompile>
    <ClCompile Include="source\Player.cpp">
      <Filter>World\Entities</Filter>
    </ClCompile>
    <ClCompile Include="source\Missile.cpp">
      <Filter>World\Entities</Filter>
    </ClCompile>
    <ClCompile Include="source\DroneMaker.cpp">
      <Filter>AI</Filter>
    </ClCompile>
    <ClCompile Include="source\AI.cpp">
      <Filter>AI</Filter>
    </ClCompile>
    <ClCompile Include="source\Drone.cpp">
      <Filter>AI</Filter>
    </ClCompile>
    <ClCompile Include="source\Boss.cpp">
      <Filter>AI</Filter>
    </ClCompile>
    <ClCompile Include="source\KamikazeDrone.cpp">
      <Filter>AI</Filter>
    </ClCompile>
    <ClCompile Include="source\HUDElement.cpp">
      <Filter>UI</Filter>
    </ClCompile>
    <ClCompile Include="source\DronePath.cpp">
      <Filter>AI</Filter>
    </ClCompile>
    <ClCompile Include="source\EnemyWaves.cpp">
      <Filter>AI</Filter>
    </ClCompile>
    <ClCompile Include="source\Map.cpp">
      <Filter>World</Filter>
    </ClCompile>
    <ClCompile Include="source\SoundSystem.cpp">
      <Filter>Sound</Filter>
    </ClCompile>
    <ClCompile Include="source\ObjectPool.cpp">
      <Filter>World</Filter>
    </ClCompile>
  </ItemGroup>
  <ItemGroup>
    <ClInclude Include="source\Sprite.h">
      <Filter>Visualisation</Filter>
    </ClInclude>
    <ClInclude Include="source\Texture.h">
      <Filter>Visualisation</Filter>
    </ClInclude>
    <ClInclude Include="source\Visualiser.h">
      <Filter>Visualisation</Filter>
    </ClInclude>
    <ClInclude Include="source\StarField.h">
      <Filter>Other</Filter>
    </ClInclude>
    <ClInclude Include="source\World.h">
      <Filter>World</Filter>
    </ClInclude>
    <ClInclude Include="source\Entity.h">
      <Filter>World</Filter>
    </ClInclude>
    <ClInclude Include="source\Vector2.h">
      <Filter>Support</Filter>
    </ClInclude>
    <ClInclude Include="source\Rectangle.h">
      <Filter>Support</Filter>
    </ClInclude>
    <ClInclude Include="source\Bullet.h">
      <Filter>World\Entities</Filter>
    </ClInclude>
    <ClInclude Include="source\Explosion.h">
      <Filter>World\Entities</Filter>
    </ClInclude>
    <ClInclude Include="source\Player.h">
      <Filter>World\Entities</Filter>
    </ClInclude>
    <ClInclude Include="source\Missile.h">
      <Filter>World\Entities</Filter>
    </ClInclude>
    <ClInclude Include="source\DroneMaker.h">
      <Filter>AI</Filter>
    </ClInclude>
    <ClInclude Include="source\AI.h">
      <Filter>AI</Filter>
    </ClInclude>
    <ClInclude Include="source\Drone.h">
      <Filter>AI</Filter>
    </ClInclude>
    <ClInclude Include="source\Boss.h">
      <Filter>AI</Filter>
    </ClInclude>
    <ClInclude Include="source\KamikazeDrone.h">
      <Filter>AI</Filter>
    </ClInclude>
    <ClInclude Include="source\HUDElement.h">
      <Filter>UI</Filter>
    </ClInclude>
    <ClInclude Include="source\DronePath.h">
      <Filter>AI</Filter>
    </ClInclude>
    <ClInclude Include="source\EnemyWaves.h">
      <Filter>AI</Filter>
    </ClInclude>
    <ClInclude Include="source\Map.h">
      <Filter>World</Filter>
    </ClInclude>
    <ClInclude Include="source\Tile.h">
      <Filter>World</Filter>
    </ClInclude>
    <ClInclude Include="source\SoundSystem.h">
      <Filter>Sound</Filter>
    </ClInclude>
    <ClInclude Include="source\ObjectPool.h">
      <Filter>World</Filter>
    </ClInclude>
  </ItemGroup>
  <ItemGroup>
    <Filter Include="Visualisation">
      <UniqueIdentifier>{398246eb-b8d2-4857-8d50-647651f7eff3}</UniqueIdentifier>
    </Filter>
    <Filter Include="Other">
      <UniqueIdentifier>{4c4bcbc1-97b2-4e33-8d9c-cfca6baba8a2}</UniqueIdentifier>
    </Filter>
    <Filter Include="World">
      <UniqueIdentifier>{18541924-9f5f-4a7e-a706-8760f3ab7cdf}</UniqueIdentifier>
    </Filter>
    <Filter Include="Support">
      <UniqueIdentifier>{ff22bc57-bb1a-4622-8bac-d659eb916803}</UniqueIdentifier>
    </Filter>
    <Filter Include="Sound">
      <UniqueIdentifier>{8548540a-7d6c-4395-b00d-18132d8ea681}</UniqueIdentifier>
    </Filter>
    <Filter Include="UI">
      <UniqueIdentifier>{d5763019-6515-4caf-ad02-4302205bed02}</UniqueIdentifier>
    </Filter>
    <Filter Include="AI">
      <UniqueIdentifier>{e208c344-19dc-4bab-b219-cb00ca0d027d}</UniqueIdentifier>
    </Filter>
    <Filter Include="World\Entities">
      <UniqueIdentifier>{6f6dadbe-bc20-4e76-b364-6b864e4a17ce}</UniqueIdentifier>
    </Filter>
  </ItemGroup>
</Project>